// !$*UTF8*$!
{
	archiveVersion = 1;
	classes = {
	};
	objectVersion = 46;
	objects = {

/* Begin PBXBuildFile section */
		B308F0A21D47CCCE0079EF0D /* AppDelegate.swift in Sources */ = {isa = PBXBuildFile; fileRef = B308F0A11D47CCCE0079EF0D /* AppDelegate.swift */; };
		B308F0A41D47CCCE0079EF0D /* TravelLocationsMapView.swift in Sources */ = {isa = PBXBuildFile; fileRef = B308F0A31D47CCCE0079EF0D /* TravelLocationsMapView.swift */; };
		B308F0A71D47CCCE0079EF0D /* Main.storyboard in Resources */ = {isa = PBXBuildFile; fileRef = B308F0A51D47CCCE0079EF0D /* Main.storyboard */; };
		B308F0A91D47CCCE0079EF0D /* Assets.xcassets in Resources */ = {isa = PBXBuildFile; fileRef = B308F0A81D47CCCE0079EF0D /* Assets.xcassets */; };
		B308F0AC1D47CCCE0079EF0D /* LaunchScreen.storyboard in Resources */ = {isa = PBXBuildFile; fileRef = B308F0AA1D47CCCE0079EF0D /* LaunchScreen.storyboard */; };
		B308F0B71D47CCCE0079EF0D /* Virtual_TouristTests.swift in Sources */ = {isa = PBXBuildFile; fileRef = B308F0B61D47CCCE0079EF0D /* Virtual_TouristTests.swift */; };
		B308F0C21D47CCCE0079EF0D /* Virtual_TouristUITests.swift in Sources */ = {isa = PBXBuildFile; fileRef = B308F0C11D47CCCE0079EF0D /* Virtual_TouristUITests.swift */; };
		B308F0D11D47CDAE0079EF0D /* Model.xcdatamodeld in Sources */ = {isa = PBXBuildFile; fileRef = B308F0CF1D47CDAE0079EF0D /* Model.xcdatamodeld */; };
		B308F0D31D47DA260079EF0D /* CoreDataStack.swift in Sources */ = {isa = PBXBuildFile; fileRef = B308F0D21D47DA260079EF0D /* CoreDataStack.swift */; };
		B308F0D81D47DB770079EF0D /* Pin+CoreDataProperties.swift in Sources */ = {isa = PBXBuildFile; fileRef = B308F0D41D47DB770079EF0D /* Pin+CoreDataProperties.swift */; };
		B308F0D91D47DB770079EF0D /* Pin.swift in Sources */ = {isa = PBXBuildFile; fileRef = B308F0D51D47DB770079EF0D /* Pin.swift */; };
		B308F0DA1D47DB770079EF0D /* Photo+CoreDataProperties.swift in Sources */ = {isa = PBXBuildFile; fileRef = B308F0D61D47DB770079EF0D /* Photo+CoreDataProperties.swift */; };
		B308F0DB1D47DB770079EF0D /* Photo.swift in Sources */ = {isa = PBXBuildFile; fileRef = B308F0D71D47DB770079EF0D /* Photo.swift */; };
		B314DBEC1D4B9CBE009E4C16 /* PhotoViewCell.swift in Sources */ = {isa = PBXBuildFile; fileRef = B314DBEB1D4B9CBE009E4C16 /* PhotoViewCell.swift */; };
		B37556691D4A61AE00B4ED69 /* PhotoAlbumView.swift in Sources */ = {isa = PBXBuildFile; fileRef = B37556681D4A61AE00B4ED69 /* PhotoAlbumView.swift */; };
		B375566F1D4A777E00B4ED69 /* FlickrConstants.swift in Sources */ = {isa = PBXBuildFile; fileRef = B375566E1D4A777E00B4ED69 /* FlickrConstants.swift */; };
		B37556711D4A78E200B4ED69 /* GCDBlackBox.swift in Sources */ = {isa = PBXBuildFile; fileRef = B37556701D4A78E200B4ED69 /* GCDBlackBox.swift */; };
		B37556731D4A793E00B4ED69 /* FlickrClient.swift in Sources */ = {isa = PBXBuildFile; fileRef = B37556721D4A793E00B4ED69 /* FlickrClient.swift */; };
		B37556751D4A834600B4ED69 /* FlickrClientConvenience.swift in Sources */ = {isa = PBXBuildFile; fileRef = B37556741D4A834600B4ED69 /* FlickrClientConvenience.swift */; };
/* End PBXBuildFile section */

/* Begin PBXContainerItemProxy section */
		B308F0B31D47CCCE0079EF0D /* PBXContainerItemProxy */ = {
			isa = PBXContainerItemProxy;
			containerPortal = B308F0961D47CCCE0079EF0D /* Project object */;
			proxyType = 1;
			remoteGlobalIDString = B308F09D1D47CCCE0079EF0D;
			remoteInfo = "Virtual Tourist";
		};
		B308F0BE1D47CCCE0079EF0D /* PBXContainerItemProxy */ = {
			isa = PBXContainerItemProxy;
			containerPortal = B308F0961D47CCCE0079EF0D /* Project object */;
			proxyType = 1;
			remoteGlobalIDString = B308F09D1D47CCCE0079EF0D;
			remoteInfo = "Virtual Tourist";
		};
/* End PBXContainerItemProxy section */

/* Begin PBXFileReference section */
		B308F09E1D47CCCE0079EF0D /* Virtual Tourist.app */ = {isa = PBXFileReference; explicitFileType = wrapper.application; includeInIndex = 0; path = "Virtual Tourist.app"; sourceTree = BUILT_PRODUCTS_DIR; };
		B308F0A11D47CCCE0079EF0D /* AppDelegate.swift */ = {isa = PBXFileReference; lastKnownFileType = sourcecode.swift; path = AppDelegate.swift; sourceTree = "<group>"; };
		B308F0A31D47CCCE0079EF0D /* TravelLocationsMapView.swift */ = {isa = PBXFileReference; lastKnownFileType = sourcecode.swift; path = TravelLocationsMapView.swift; sourceTree = "<group>"; };
		B308F0A61D47CCCE0079EF0D /* Base */ = {isa = PBXFileReference; lastKnownFileType = file.storyboard; name = Base; path = Base.lproj/Main.storyboard; sourceTree = "<group>"; };
		B308F0A81D47CCCE0079EF0D /* Assets.xcassets */ = {isa = PBXFileReference; lastKnownFileType = folder.assetcatalog; path = Assets.xcassets; sourceTree = "<group>"; };
		B308F0AB1D47CCCE0079EF0D /* Base */ = {isa = PBXFileReference; lastKnownFileType = file.storyboard; name = Base; path = Base.lproj/LaunchScreen.storyboard; sourceTree = "<group>"; };
		B308F0AD1D47CCCE0079EF0D /* Info.plist */ = {isa = PBXFileReference; lastKnownFileType = text.plist.xml; path = Info.plist; sourceTree = "<group>"; };
		B308F0B21D47CCCE0079EF0D /* Virtual TouristTests.xctest */ = {isa = PBXFileReference; explicitFileType = wrapper.cfbundle; includeInIndex = 0; path = "Virtual TouristTests.xctest"; sourceTree = BUILT_PRODUCTS_DIR; };
		B308F0B61D47CCCE0079EF0D /* Virtual_TouristTests.swift */ = {isa = PBXFileReference; lastKnownFileType = sourcecode.swift; path = Virtual_TouristTests.swift; sourceTree = "<group>"; };
		B308F0B81D47CCCE0079EF0D /* Info.plist */ = {isa = PBXFileReference; lastKnownFileType = text.plist.xml; path = Info.plist; sourceTree = "<group>"; };
		B308F0BD1D47CCCE0079EF0D /* Virtual TouristUITests.xctest */ = {isa = PBXFileReference; explicitFileType = wrapper.cfbundle; includeInIndex = 0; path = "Virtual TouristUITests.xctest"; sourceTree = BUILT_PRODUCTS_DIR; };
		B308F0C11D47CCCE0079EF0D /* Virtual_TouristUITests.swift */ = {isa = PBXFileReference; lastKnownFileType = sourcecode.swift; path = Virtual_TouristUITests.swift; sourceTree = "<group>"; };
		B308F0C31D47CCCE0079EF0D /* Info.plist */ = {isa = PBXFileReference; lastKnownFileType = text.plist.xml; path = Info.plist; sourceTree = "<group>"; };
		B308F0D01D47CDAE0079EF0D /* Model.xcdatamodel */ = {isa = PBXFileReference; lastKnownFileType = wrapper.xcdatamodel; path = Model.xcdatamodel; sourceTree = "<group>"; };
		B308F0D21D47DA260079EF0D /* CoreDataStack.swift */ = {isa = PBXFileReference; fileEncoding = 4; lastKnownFileType = sourcecode.swift; path = CoreDataStack.swift; sourceTree = "<group>"; };
		B308F0D41D47DB770079EF0D /* Pin+CoreDataProperties.swift */ = {isa = PBXFileReference; fileEncoding = 4; lastKnownFileType = sourcecode.swift; name = "Pin+CoreDataProperties.swift"; path = "../Pin+CoreDataProperties.swift"; sourceTree = "<group>"; };
		B308F0D51D47DB770079EF0D /* Pin.swift */ = {isa = PBXFileReference; fileEncoding = 4; lastKnownFileType = sourcecode.swift; name = Pin.swift; path = ../Pin.swift; sourceTree = "<group>"; };
		B308F0D61D47DB770079EF0D /* Photo+CoreDataProperties.swift */ = {isa = PBXFileReference; fileEncoding = 4; lastKnownFileType = sourcecode.swift; name = "Photo+CoreDataProperties.swift"; path = "../Photo+CoreDataProperties.swift"; sourceTree = "<group>"; };
		B308F0D71D47DB770079EF0D /* Photo.swift */ = {isa = PBXFileReference; fileEncoding = 4; lastKnownFileType = sourcecode.swift; name = Photo.swift; path = ../Photo.swift; sourceTree = "<group>"; };
		B314DBEB1D4B9CBE009E4C16 /* PhotoViewCell.swift */ = {isa = PBXFileReference; fileEncoding = 4; lastKnownFileType = sourcecode.swift; path = PhotoViewCell.swift; sourceTree = "<group>"; };
		B3247E9D1D5235360036F687 /* Model 2.xcdatamodel */ = {isa = PBXFileReference; lastKnownFileType = wrapper.xcdatamodel; path = "Model 2.xcdatamodel"; sourceTree = "<group>"; };
		B37556681D4A61AE00B4ED69 /* PhotoAlbumView.swift */ = {isa = PBXFileReference; fileEncoding = 4; lastKnownFileType = sourcecode.swift; path = PhotoAlbumView.swift; sourceTree = "<group>"; };
		B375566E1D4A777E00B4ED69 /* FlickrConstants.swift */ = {isa = PBXFileReference; fileEncoding = 4; lastKnownFileType = sourcecode.swift; path = FlickrConstants.swift; sourceTree = "<group>"; };
		B37556701D4A78E200B4ED69 /* GCDBlackBox.swift */ = {isa = PBXFileReference; fileEncoding = 4; lastKnownFileType = sourcecode.swift; path = GCDBlackBox.swift; sourceTree = "<group>"; };
		B37556721D4A793E00B4ED69 /* FlickrClient.swift */ = {isa = PBXFileReference; fileEncoding = 4; lastKnownFileType = sourcecode.swift; name = FlickrClient.swift; path = ../FlickrClient.swift; sourceTree = "<group>"; };
		B37556741D4A834600B4ED69 /* FlickrClientConvenience.swift */ = {isa = PBXFileReference; fileEncoding = 4; lastKnownFileType = sourcecode.swift; path = FlickrClientConvenience.swift; sourceTree = "<group>"; };
/* End PBXFileReference section */

/* Begin PBXFrameworksBuildPhase section */
		B308F09B1D47CCCE0079EF0D /* Frameworks */ = {
			isa = PBXFrameworksBuildPhase;
			buildActionMask = 2147483647;
			files = (
			);
			runOnlyForDeploymentPostprocessing = 0;
		};
		B308F0AF1D47CCCE0079EF0D /* Frameworks */ = {
			isa = PBXFrameworksBuildPhase;
			buildActionMask = 2147483647;
			files = (
			);
			runOnlyForDeploymentPostprocessing = 0;
		};
		B308F0BA1D47CCCE0079EF0D /* Frameworks */ = {
			isa = PBXFrameworksBuildPhase;
			buildActionMask = 2147483647;
			files = (
			);
			runOnlyForDeploymentPostprocessing = 0;
		};
/* End PBXFrameworksBuildPhase section */

/* Begin PBXGroup section */
		B308F0951D47CCCE0079EF0D = {
			isa = PBXGroup;
			children = (
				B308F0A01D47CCCE0079EF0D /* Virtual Tourist */,
				B308F0B51D47CCCE0079EF0D /* Virtual TouristTests */,
				B308F0C01D47CCCE0079EF0D /* Virtual TouristUITests */,
				B308F09F1D47CCCE0079EF0D /* Products */,
			);
			sourceTree = "<group>";
		};
		B308F09F1D47CCCE0079EF0D /* Products */ = {
			isa = PBXGroup;
			children = (
				B308F09E1D47CCCE0079EF0D /* Virtual Tourist.app */,
				B308F0B21D47CCCE0079EF0D /* Virtual TouristTests.xctest */,
				B308F0BD1D47CCCE0079EF0D /* Virtual TouristUITests.xctest */,
			);
			name = Products;
			sourceTree = "<group>";
		};
		B308F0A01D47CCCE0079EF0D /* Virtual Tourist */ = {
			isa = PBXGroup;
			children = (
				B37556701D4A78E200B4ED69 /* GCDBlackBox.swift */,
				B308F0DC1D47DB9F0079EF0D /* Models */,
				B308F0A11D47CCCE0079EF0D /* AppDelegate.swift */,
				B3A1E4601D48FE4B005A98FA /* Controller */,
				B3A1E4611D48FE5E005A98FA /* View */,
				B308F0A81D47CCCE0079EF0D /* Assets.xcassets */,
				B308F0AD1D47CCCE0079EF0D /* Info.plist */,
			);
			path = "Virtual Tourist";
			sourceTree = "<group>";
		};
		B308F0B51D47CCCE0079EF0D /* Virtual TouristTests */ = {
			isa = PBXGroup;
			children = (
				B308F0B61D47CCCE0079EF0D /* Virtual_TouristTests.swift */,
				B308F0B81D47CCCE0079EF0D /* Info.plist */,
			);
			path = "Virtual TouristTests";
			sourceTree = "<group>";
		};
		B308F0C01D47CCCE0079EF0D /* Virtual TouristUITests */ = {
			isa = PBXGroup;
			children = (
				B308F0C11D47CCCE0079EF0D /* Virtual_TouristUITests.swift */,
				B308F0C31D47CCCE0079EF0D /* Info.plist */,
			);
			path = "Virtual TouristUITests";
			sourceTree = "<group>";
		};
		B308F0DC1D47DB9F0079EF0D /* Models */ = {
			isa = PBXGroup;
			children = (
				B375566C1D4A774900B4ED69 /* Flickr */,
				B375566D1D4A776500B4ED69 /* CoreData */,
			);
			name = Models;
			sourceTree = "<group>";
		};
		B375566C1D4A774900B4ED69 /* Flickr */ = {
			isa = PBXGroup;
			children = (
				B37556721D4A793E00B4ED69 /* FlickrClient.swift */,
				B37556741D4A834600B4ED69 /* FlickrClientConvenience.swift */,
				B375566E1D4A777E00B4ED69 /* FlickrConstants.swift */,
			);
			name = Flickr;
			sourceTree = "<group>";
		};
		B375566D1D4A776500B4ED69 /* CoreData */ = {
			isa = PBXGroup;
			children = (
				B308F0D41D47DB770079EF0D /* Pin+CoreDataProperties.swift */,
				B308F0D51D47DB770079EF0D /* Pin.swift */,
				B308F0D61D47DB770079EF0D /* Photo+CoreDataProperties.swift */,
				B308F0D71D47DB770079EF0D /* Photo.swift */,
				B308F0D21D47DA260079EF0D /* CoreDataStack.swift */,
				B308F0CF1D47CDAE0079EF0D /* Model.xcdatamodeld */,
			);
			name = CoreData;
			sourceTree = "<group>";
		};
		B3A1E4601D48FE4B005A98FA /* Controller */ = {
			isa = PBXGroup;
			children = (
				B308F0A31D47CCCE0079EF0D /* TravelLocationsMapView.swift */,
				B37556681D4A61AE00B4ED69 /* PhotoAlbumView.swift */,
			);
			name = Controller;
			sourceTree = "<group>";
		};
		B3A1E4611D48FE5E005A98FA /* View */ = {
			isa = PBXGroup;
			children = (
				B308F0A51D47CCCE0079EF0D /* Main.storyboard */,
				B314DBEB1D4B9CBE009E4C16 /* PhotoViewCell.swift */,
				B308F0AA1D47CCCE0079EF0D /* LaunchScreen.storyboard */,
			);
			name = View;
			sourceTree = "<group>";
		};
/* End PBXGroup section */

/* Begin PBXNativeTarget section */
		B308F09D1D47CCCE0079EF0D /* Virtual Tourist */ = {
			isa = PBXNativeTarget;
			buildConfigurationList = B308F0C61D47CCCE0079EF0D /* Build configuration list for PBXNativeTarget "Virtual Tourist" */;
			buildPhases = (
				B308F09A1D47CCCE0079EF0D /* Sources */,
				B308F09B1D47CCCE0079EF0D /* Frameworks */,
				B308F09C1D47CCCE0079EF0D /* Resources */,
			);
			buildRules = (
			);
			dependencies = (
			);
			name = "Virtual Tourist";
			productName = "Virtual Tourist";
			productReference = B308F09E1D47CCCE0079EF0D /* Virtual Tourist.app */;
			productType = "com.apple.product-type.application";
		};
		B308F0B11D47CCCE0079EF0D /* Virtual TouristTests */ = {
			isa = PBXNativeTarget;
			buildConfigurationList = B308F0C91D47CCCE0079EF0D /* Build configuration list for PBXNativeTarget "Virtual TouristTests" */;
			buildPhases = (
				B308F0AE1D47CCCE0079EF0D /* Sources */,
				B308F0AF1D47CCCE0079EF0D /* Frameworks */,
				B308F0B01D47CCCE0079EF0D /* Resources */,
			);
			buildRules = (
			);
			dependencies = (
				B308F0B41D47CCCE0079EF0D /* PBXTargetDependency */,
			);
			name = "Virtual TouristTests";
			productName = "Virtual TouristTests";
			productReference = B308F0B21D47CCCE0079EF0D /* Virtual TouristTests.xctest */;
			productType = "com.apple.product-type.bundle.unit-test";
		};
		B308F0BC1D47CCCE0079EF0D /* Virtual TouristUITests */ = {
			isa = PBXNativeTarget;
			buildConfigurationList = B308F0CC1D47CCCE0079EF0D /* Build configuration list for PBXNativeTarget "Virtual TouristUITests" */;
			buildPhases = (
				B308F0B91D47CCCE0079EF0D /* Sources */,
				B308F0BA1D47CCCE0079EF0D /* Frameworks */,
				B308F0BB1D47CCCE0079EF0D /* Resources */,
			);
			buildRules = (
			);
			dependencies = (
				B308F0BF1D47CCCE0079EF0D /* PBXTargetDependency */,
			);
			name = "Virtual TouristUITests";
			productName = "Virtual TouristUITests";
			productReference = B308F0BD1D47CCCE0079EF0D /* Virtual TouristUITests.xctest */;
			productType = "com.apple.product-type.bundle.ui-testing";
		};
/* End PBXNativeTarget section */

/* Begin PBXProject section */
		B308F0961D47CCCE0079EF0D /* Project object */ = {
			isa = PBXProject;
			attributes = {
				LastSwiftUpdateCheck = 0730;
				LastUpgradeCheck = 0730;
				ORGANIZATIONNAME = "grace montoya";
				TargetAttributes = {
					B308F09D1D47CCCE0079EF0D = {
						CreatedOnToolsVersion = 7.3.1;
						LastSwiftMigration = 0830;
					};
					B308F0B11D47CCCE0079EF0D = {
						CreatedOnToolsVersion = 7.3.1;
						LastSwiftMigration = 0830;
						TestTargetID = B308F09D1D47CCCE0079EF0D;
					};
					B308F0BC1D47CCCE0079EF0D = {
						CreatedOnToolsVersion = 7.3.1;
						LastSwiftMigration = 0830;
						TestTargetID = B308F09D1D47CCCE0079EF0D;
					};
				};
			};
			buildConfigurationList = B308F0991D47CCCE0079EF0D /* Build configuration list for PBXProject "Virtual Tourist" */;
			compatibilityVersion = "Xcode 3.2";
			developmentRegion = English;
			hasScannedForEncodings = 0;
			knownRegions = (
				en,
				Base,
			);
			mainGroup = B308F0951D47CCCE0079EF0D;
			productRefGroup = B308F09F1D47CCCE0079EF0D /* Products */;
			projectDirPath = "";
			projectRoot = "";
			targets = (
				B308F09D1D47CCCE0079EF0D /* Virtual Tourist */,
				B308F0B11D47CCCE0079EF0D /* Virtual TouristTests */,
				B308F0BC1D47CCCE0079EF0D /* Virtual TouristUITests */,
			);
		};
/* End PBXProject section */

/* Begin PBXResourcesBuildPhase section */
		B308F09C1D47CCCE0079EF0D /* Resources */ = {
			isa = PBXResourcesBuildPhase;
			buildActionMask = 2147483647;
			files = (
				B308F0AC1D47CCCE0079EF0D /* LaunchScreen.storyboard in Resources */,
				B308F0A91D47CCCE0079EF0D /* Assets.xcassets in Resources */,
				B308F0A71D47CCCE0079EF0D /* Main.storyboard in Resources */,
			);
			runOnlyForDeploymentPostprocessing = 0;
		};
		B308F0B01D47CCCE0079EF0D /* Resources */ = {
			isa = PBXResourcesBuildPhase;
			buildActionMask = 2147483647;
			files = (
			);
			runOnlyForDeploymentPostprocessing = 0;
		};
		B308F0BB1D47CCCE0079EF0D /* Resources */ = {
			isa = PBXResourcesBuildPhase;
			buildActionMask = 2147483647;
			files = (
			);
			runOnlyForDeploymentPostprocessing = 0;
		};
/* End PBXResourcesBuildPhase section */

/* Begin PBXSourcesBuildPhase section */
		B308F09A1D47CCCE0079EF0D /* Sources */ = {
			isa = PBXSourcesBuildPhase;
			buildActionMask = 2147483647;
			files = (
				B308F0DB1D47DB770079EF0D /* Photo.swift in Sources */,
				B314DBEC1D4B9CBE009E4C16 /* PhotoViewCell.swift in Sources */,
				B308F0DA1D47DB770079EF0D /* Photo+CoreDataProperties.swift in Sources */,
				B308F0A41D47CCCE0079EF0D /* TravelLocationsMapView.swift in Sources */,
				B308F0A21D47CCCE0079EF0D /* AppDelegate.swift in Sources */,
				B37556711D4A78E200B4ED69 /* GCDBlackBox.swift in Sources */,
				B308F0D11D47CDAE0079EF0D /* Model.xcdatamodeld in Sources */,
				B308F0D91D47DB770079EF0D /* Pin.swift in Sources */,
				B375566F1D4A777E00B4ED69 /* FlickrConstants.swift in Sources */,
				B308F0D81D47DB770079EF0D /* Pin+CoreDataProperties.swift in Sources */,
				B37556751D4A834600B4ED69 /* FlickrClientConvenience.swift in Sources */,
				B308F0D31D47DA260079EF0D /* CoreDataStack.swift in Sources */,
				B37556691D4A61AE00B4ED69 /* PhotoAlbumView.swift in Sources */,
				B37556731D4A793E00B4ED69 /* FlickrClient.swift in Sources */,
			);
			runOnlyForDeploymentPostprocessing = 0;
		};
		B308F0AE1D47CCCE0079EF0D /* Sources */ = {
			isa = PBXSourcesBuildPhase;
			buildActionMask = 2147483647;
			files = (
				B308F0B71D47CCCE0079EF0D /* Virtual_TouristTests.swift in Sources */,
			);
			runOnlyForDeploymentPostprocessing = 0;
		};
		B308F0B91D47CCCE0079EF0D /* Sources */ = {
			isa = PBXSourcesBuildPhase;
			buildActionMask = 2147483647;
			files = (
				B308F0C21D47CCCE0079EF0D /* Virtual_TouristUITests.swift in Sources */,
			);
			runOnlyForDeploymentPostprocessing = 0;
		};
/* End PBXSourcesBuildPhase section */

/* Begin PBXTargetDependency section */
		B308F0B41D47CCCE0079EF0D /* PBXTargetDependency */ = {
			isa = PBXTargetDependency;
			target = B308F09D1D47CCCE0079EF0D /* Virtual Tourist */;
			targetProxy = B308F0B31D47CCCE0079EF0D /* PBXContainerItemProxy */;
		};
		B308F0BF1D47CCCE0079EF0D /* PBXTargetDependency */ = {
			isa = PBXTargetDependency;
			target = B308F09D1D47CCCE0079EF0D /* Virtual Tourist */;
			targetProxy = B308F0BE1D47CCCE0079EF0D /* PBXContainerItemProxy */;
		};
/* End PBXTargetDependency section */

/* Begin PBXVariantGroup section */
		B308F0A51D47CCCE0079EF0D /* Main.storyboard */ = {
			isa = PBXVariantGroup;
			children = (
				B308F0A61D47CCCE0079EF0D /* Base */,
			);
			name = Main.storyboard;
			sourceTree = "<group>";
		};
		B308F0AA1D47CCCE0079EF0D /* LaunchScreen.storyboard */ = {
			isa = PBXVariantGroup;
			children = (
				B308F0AB1D47CCCE0079EF0D /* Base */,
			);
			name = LaunchScreen.storyboard;
			sourceTree = "<group>";
		};
/* End PBXVariantGroup section */

/* Begin XCBuildConfiguration section */
		B308F0C41D47CCCE0079EF0D /* Debug */ = {
			isa = XCBuildConfiguration;
			buildSettings = {
				ALWAYS_SEARCH_USER_PATHS = NO;
				CLANG_ANALYZER_NONNULL = YES;
				CLANG_CXX_LANGUAGE_STANDARD = "gnu++0x";
				CLANG_CXX_LIBRARY = "libc++";
				CLANG_ENABLE_MODULES = YES;
				CLANG_ENABLE_OBJC_ARC = YES;
				CLANG_WARN_BOOL_CONVERSION = YES;
				CLANG_WARN_CONSTANT_CONVERSION = YES;
				CLANG_WARN_DIRECT_OBJC_ISA_USAGE = YES_ERROR;
				CLANG_WARN_EMPTY_BODY = YES;
				CLANG_WARN_ENUM_CONVERSION = YES;
				CLANG_WARN_INT_CONVERSION = YES;
				CLANG_WARN_OBJC_ROOT_CLASS = YES_ERROR;
				CLANG_WARN_UNREACHABLE_CODE = YES;
				CLANG_WARN__DUPLICATE_METHOD_MATCH = YES;
				"CODE_SIGN_IDENTITY[sdk=iphoneos*]" = "iPhone Developer";
				COPY_PHASE_STRIP = NO;
				DEBUG_INFORMATION_FORMAT = dwarf;
				ENABLE_STRICT_OBJC_MSGSEND = YES;
				ENABLE_TESTABILITY = YES;
				GCC_C_LANGUAGE_STANDARD = gnu99;
				GCC_DYNAMIC_NO_PIC = NO;
				GCC_NO_COMMON_BLOCKS = YES;
				GCC_OPTIMIZATION_LEVEL = 0;
				GCC_PREPROCESSOR_DEFINITIONS = (
					"DEBUG=1",
					"$(inherited)",
				);
				GCC_WARN_64_TO_32_BIT_CONVERSION = YES;
				GCC_WARN_ABOUT_RETURN_TYPE = YES_ERROR;
				GCC_WARN_UNDECLARED_SELECTOR = YES;
				GCC_WARN_UNINITIALIZED_AUTOS = YES_AGGRESSIVE;
				GCC_WARN_UNUSED_FUNCTION = YES;
				GCC_WARN_UNUSED_VARIABLE = YES;
				IPHONEOS_DEPLOYMENT_TARGET = 9.3;
				MTL_ENABLE_DEBUG_INFO = YES;
				ONLY_ACTIVE_ARCH = YES;
				SDKROOT = iphoneos;
				SWIFT_OPTIMIZATION_LEVEL = "-Onone";
			};
			name = Debug;
		};
		B308F0C51D47CCCE0079EF0D /* Release */ = {
			isa = XCBuildConfiguration;
			buildSettings = {
				ALWAYS_SEARCH_USER_PATHS = NO;
				CLANG_ANALYZER_NONNULL = YES;
				CLANG_CXX_LANGUAGE_STANDARD = "gnu++0x";
				CLANG_CXX_LIBRARY = "libc++";
				CLANG_ENABLE_MODULES = YES;
				CLANG_ENABLE_OBJC_ARC = YES;
				CLANG_WARN_BOOL_CONVERSION = YES;
				CLANG_WARN_CONSTANT_CONVERSION = YES;
				CLANG_WARN_DIRECT_OBJC_ISA_USAGE = YES_ERROR;
				CLANG_WARN_EMPTY_BODY = YES;
				CLANG_WARN_ENUM_CONVERSION = YES;
				CLANG_WARN_INT_CONVERSION = YES;
				CLANG_WARN_OBJC_ROOT_CLASS = YES_ERROR;
				CLANG_WARN_UNREACHABLE_CODE = YES;
				CLANG_WARN__DUPLICATE_METHOD_MATCH = YES;
				"CODE_SIGN_IDENTITY[sdk=iphoneos*]" = "iPhone Developer";
				COPY_PHASE_STRIP = NO;
				DEBUG_INFORMATION_FORMAT = "dwarf-with-dsym";
				ENABLE_NS_ASSERTIONS = NO;
				ENABLE_STRICT_OBJC_MSGSEND = YES;
				GCC_C_LANGUAGE_STANDARD = gnu99;
				GCC_NO_COMMON_BLOCKS = YES;
				GCC_WARN_64_TO_32_BIT_CONVERSION = YES;
				GCC_WARN_ABOUT_RETURN_TYPE = YES_ERROR;
				GCC_WARN_UNDECLARED_SELECTOR = YES;
				GCC_WARN_UNINITIALIZED_AUTOS = YES_AGGRESSIVE;
				GCC_WARN_UNUSED_FUNCTION = YES;
				GCC_WARN_UNUSED_VARIABLE = YES;
				IPHONEOS_DEPLOYMENT_TARGET = 9.3;
				MTL_ENABLE_DEBUG_INFO = NO;
				SDKROOT = iphoneos;
				VALIDATE_PRODUCT = YES;
			};
			name = Release;
		};
		B308F0C71D47CCCE0079EF0D /* Debug */ = {
			isa = XCBuildConfiguration;
			buildSettings = {
				ASSETCATALOG_COMPILER_APPICON_NAME = AppIcon;
				INFOPLIST_FILE = "Virtual Tourist/Info.plist";
				LD_RUNPATH_SEARCH_PATHS = "$(inherited) @executable_path/Frameworks";
				PRODUCT_BUNDLE_IDENTIFIER = "com.mogmua.Virtual-Tourist";
				PRODUCT_NAME = "$(TARGET_NAME)";
				SWIFT_VERSION = 3.0;
			};
			name = Debug;
		};
		B308F0C81D47CCCE0079EF0D /* Release */ = {
			isa = XCBuildConfiguration;
			buildSettings = {
				ASSETCATALOG_COMPILER_APPICON_NAME = AppIcon;
				INFOPLIST_FILE = "Virtual Tourist/Info.plist";
				LD_RUNPATH_SEARCH_PATHS = "$(inherited) @executable_path/Frameworks";
				PRODUCT_BUNDLE_IDENTIFIER = "com.mogmua.Virtual-Tourist";
				PRODUCT_NAME = "$(TARGET_NAME)";
				SWIFT_VERSION = 3.0;
			};
			name = Release;
		};
		B308F0CA1D47CCCE0079EF0D /* Debug */ = {
			isa = XCBuildConfiguration;
			buildSettings = {
				BUNDLE_LOADER = "$(TEST_HOST)";
				INFOPLIST_FILE = "Virtual TouristTests/Info.plist";
				LD_RUNPATH_SEARCH_PATHS = "$(inherited) @executable_path/Frameworks @loader_path/Frameworks";
				PRODUCT_BUNDLE_IDENTIFIER = "com.mogmua.Virtual-TouristTests";
				PRODUCT_NAME = "$(TARGET_NAME)";
				SWIFT_VERSION = 3.0;
				TEST_HOST = "$(BUILT_PRODUCTS_DIR)/Virtual Tourist.app/Virtual Tourist";
			};
			name = Debug;
		};
		B308F0CB1D47CCCE0079EF0D /* Release */ = {
			isa = XCBuildConfiguration;
			buildSettings = {
				BUNDLE_LOADER = "$(TEST_HOST)";
				INFOPLIST_FILE = "Virtual TouristTests/Info.plist";
				LD_RUNPATH_SEARCH_PATHS = "$(inherited) @executable_path/Frameworks @loader_path/Frameworks";
				PRODUCT_BUNDLE_IDENTIFIER = "com.mogmua.Virtual-TouristTests";
				PRODUCT_NAME = "$(TARGET_NAME)";
				SWIFT_VERSION = 3.0;
				TEST_HOST = "$(BUILT_PRODUCTS_DIR)/Virtual Tourist.app/Virtual Tourist";
			};
			name = Release;
		};
		B308F0CD1D47CCCE0079EF0D /* Debug */ = {
			isa = XCBuildConfiguration;
			buildSettings = {
				INFOPLIST_FILE = "Virtual TouristUITests/Info.plist";
				LD_RUNPATH_SEARCH_PATHS = "$(inherited) @executable_path/Frameworks @loader_path/Frameworks";
				PRODUCT_BUNDLE_IDENTIFIER = "com.mogmua.Virtual-TouristUITests";
				PRODUCT_NAME = "$(TARGET_NAME)";
				SWIFT_VERSION = 3.0;
				TEST_TARGET_NAME = "Virtual Tourist";
			};
			name = Debug;
		};
		B308F0CE1D47CCCE0079EF0D /* Release */ = {
			isa = XCBuildConfiguration;
			buildSettings = {
				INFOPLIST_FILE = "Virtual TouristUITests/Info.plist";
				LD_RUNPATH_SEARCH_PATHS = "$(inherited) @executable_path/Frameworks @loader_path/Frameworks";
				PRODUCT_BUNDLE_IDENTIFIER = "com.mogmua.Virtual-TouristUITests";
				PRODUCT_NAME = "$(TARGET_NAME)";
				SWIFT_VERSION = 3.0;
				TEST_TARGET_NAME = "Virtual Tourist";
			};
			name = Release;
		};
/* End XCBuildConfiguration section */

/* Begin XCConfigurationList section */
		B308F0991D47CCCE0079EF0D /* Build configuration list for PBXProject "Virtual Tourist" */ = {
			isa = XCConfigurationList;
			buildConfigurations = (
				B308F0C41D47CCCE0079EF0D /* Debug */,
				B308F0C51D47CCCE0079EF0D /* Release */,
			);
			defaultConfigurationIsVisible = 0;
			defaultConfigurationName = Release;
		};
		B308F0C61D47CCCE0079EF0D /* Build configuration list for PBXNativeTarget "Virtual Tourist" */ = {
			isa = XCConfigurationList;
			buildConfigurations = (
				B308F0C71D47CCCE0079EF0D /* Debug */,
				B308F0C81D47CCCE0079EF0D /* Release */,
			);
			defaultConfigurationIsVisible = 0;
			defaultConfigurationName = Release;
		};
		B308F0C91D47CCCE0079EF0D /* Build configuration list for PBXNativeTarget "Virtual TouristTests" */ = {
			isa = XCConfigurationList;
			buildConfigurations = (
				B308F0CA1D47CCCE0079EF0D /* Debug */,
				B308F0CB1D47CCCE0079EF0D /* Release */,
			);
			defaultConfigurationIsVisible = 0;
			defaultConfigurationName = Release;
		};
		B308F0CC1D47CCCE0079EF0D /* Build configuration list for PBXNativeTarget "Virtual TouristUITests" */ = {
			isa = XCConfigurationList;
			buildConfigurations = (
				B308F0CD1D47CCCE0079EF0D /* Debug */,
				B308F0CE1D47CCCE0079EF0D /* Release */,
			);
			defaultConfigurationIsVisible = 0;
			defaultConfigurationName = Release;
		};
/* End XCConfigurationList section */

/* Begin XCVersionGroup section */
		B308F0CF1D47CDAE0079EF0D /* Model.xcdatamodeld */ = {
			isa = XCVersionGroup;
			children = (
				B3247E9D1D5235360036F687 /* Model 2.xcdatamodel */,
				B308F0D01D47CDAE0079EF0D /* Model.xcdatamodel */,
			);
			currentVersion = B3247E9D1D5235360036F687 /* Model 2.xcdatamodel */;
			path = Model.xcdatamodeld;
			sourceTree = "<group>";
			versionGroupType = wrapper.xcdatamodel;
		};
/* End XCVersionGroup section */
	};
	rootObject = B308F0961D47CCCE0079EF0D /* Project object */;
}
